
Microsoft Visual Studio Solution File, Format Version 12.00
# Visual Studio Version 17
VisualStudioVersion = 17.11.35312.102
MinimumVisualStudioVersion = 10.0.40219.1
Project("{8BC9CEB8-8B4A-11D0-8D11-00A0C91BC942}") = "GE2D", "GE2D\GE2D.vcxproj", "{12CFC00C-8B77-42AB-87BF-8E8A7214F44E}"
EndProject
Project("{8BC9CEB8-8B4A-11D0-8D11-00A0C91BC942}") = "Tests2", "Tests2\Tests2.vcxproj", "{D43A5154-E4D9-4B65-8203-1249E49F8B9A}"
EndProject
Global
	GlobalSection(SolutionConfigurationPlatforms) = preSolution
		Debug|x64 = Debug|x64
		Debug|x86 = Debug|x86
		Release|x64 = Release|x64
		Release|x86 = Release|x86
	EndGlobalSection
	GlobalSection(ProjectConfigurationPlatforms) = postSolution
		{12CFC00C-8B77-42AB-87BF-8E8A7214F44E}.Debug|x64.ActiveCfg = Debug|x64
		{12CFC00C-8B77-42AB-87BF-8E8A7214F44E}.Debug|x64.Build.0 = Debug|x64
		{12CFC00C-8B77-42AB-87BF-8E8A7214F44E}.Debug|x86.ActiveCfg = Debug|Win32
		{12CFC00C-8B77-42AB-87BF-8E8A7214F44E}.Debug|x86.Build.0 = Debug|Win32
		{12CFC00C-8B77-42AB-87BF-8E8A7214F44E}.Release|x64.ActiveCfg = Release|x64
		{12CFC00C-8B77-42AB-87BF-8E8A7214F44E}.Release|x64.Build.0 = Release|x64
		{12CFC00C-8B77-42AB-87BF-8E8A7214F44E}.Release|x86.ActiveCfg = Release|Win32
		{12CFC00C-8B77-42AB-87BF-8E8A7214F44E}.Release|x86.Build.0 = Release|Win32
		{D43A5154-E4D9-4B65-8203-1249E49F8B9A}.Debug|x64.ActiveCfg = Debug|x64
		{D43A5154-E4D9-4B65-8203-1249E49F8B9A}.Debug|x64.Build.0 = Debug|x64
		{D43A5154-E4D9-4B65-8203-1249E49F8B9A}.Debug|x86.ActiveCfg = Debug|Win32
		{D43A5154-E4D9-4B65-8203-1249E49F8B9A}.Debug|x86.Build.0 = Debug|Win32
		{D43A5154-E4D9-4B65-8203-1249E49F8B9A}.Release|x64.ActiveCfg = Release|x64
		{D43A5154-E4D9-4B65-8203-1249E49F8B9A}.Release|x64.Build.0 = Release|x64
		{D43A5154-E4D9-4B65-8203-1249E49F8B9A}.Release|x86.ActiveCfg = Release|Win32
		{D43A5154-E4D9-4B65-8203-1249E49F8B9A}.Release|x86.Build.0 = Release|Win32
	EndGlobalSection
	GlobalSection(SolutionProperties) = preSolution
		HideSolutionNode = FALSE
	EndGlobalSection
	GlobalSection(ExtensibilityGlobals) = postSolution
		SolutionGuid = {53D03AB8-B141-44C5-9D34-1EF65B0E9FBF}
	EndGlobalSection
EndGlobal
